
Microsoft Visual Studio Solution File, Format Version 12.00
# Visual Studio Version 17
VisualStudioVersion = 17.7.34031.279
MinimumVisualStudioVersion = 10.0.40219.1
Project("{FAE04EC0-301F-11D3-BF4B-00C04F79EFBC}") = "N01595910Http5101Assignment1", "N01595910Http5101Assignment1\N01595910Http5101Assignment1.csproj", "{FDC65EDA-A765-4870-A47A-57FE7BAFB975}"
EndProject
Global
	GlobalSection(SolutionConfigurationPlatforms) = preSolution
		Debug|Any CPU = Debug|Any CPU
		Release|Any CPU = Release|Any CPU
	EndGlobalSection
	GlobalSection(ProjectConfigurationPlatforms) = postSolution
		{FDC65EDA-A765-4870-A47A-57FE7BAFB975}.Debug|Any CPU.ActiveCfg = Debug|Any CPU
		{FDC65EDA-A765-4870-A47A-57FE7BAFB975}.Debug|Any CPU.Build.0 = Debug|Any CPU
		{FDC65EDA-A765-4870-A47A-57FE7BAFB975}.Release|Any CPU.ActiveCfg = Release|Any CPU
		{FDC65EDA-A765-4870-A47A-57FE7BAFB975}.Release|Any CPU.Build.0 = Release|Any CPU
	EndGlobalSection
	GlobalSection(SolutionProperties) = preSolution
		HideSolutionNode = FALSE
	EndGlobalSection
	GlobalSection(ExtensibilityGlobals) = postSolution
		SolutionGuid = {D140AC16-5CF2-4C11-A155-597FEBB9562C}
	EndGlobalSection
EndGlobal
